
Microsoft Visual Studio Solution File, Format Version 12.00
# Visual Studio Version 17
VisualStudioVersion = 17.4.33205.214
MinimumVisualStudioVersion = 10.0.40219.1
Project("{FAE04EC0-301F-11D3-BF4B-00C04F79EFBC}") = "Collections", "Collections.csproj", "{272D0FED-DAD6-4F14-907A-0A00239529F7}"
EndProject
Global
	GlobalSection(SolutionConfigurationPlatforms) = preSolution
		Debug|Any CPU = Debug|Any CPU
		Release|Any CPU = Release|Any CPU
	EndGlobalSection
	GlobalSection(ProjectConfigurationPlatforms) = postSolution
		{272D0FED-DAD6-4F14-907A-0A00239529F7}.Debug|Any CPU.ActiveCfg = Debug|Any CPU
		{272D0FED-DAD6-4F14-907A-0A00239529F7}.Debug|Any CPU.Build.0 = Debug|Any CPU
		{272D0FED-DAD6-4F14-907A-0A00239529F7}.Release|Any CPU.ActiveCfg = Release|Any CPU
		{272D0FED-DAD6-4F14-907A-0A00239529F7}.Release|Any CPU.Build.0 = Release|Any CPU
	EndGlobalSection
	GlobalSection(SolutionProperties) = preSolution
		HideSolutionNode = FALSE
	EndGlobalSection
	GlobalSection(ExtensibilityGlobals) = postSolution
		SolutionGuid = {CA519F79-7CD1-4A86-94E1-8C8B8265EDCC}
	EndGlobalSection
EndGlobal
